
Microsoft Visual Studio Solution File, Format Version 12.00
# Visual Studio 2017
Project("{FAE04EC0-301F-11D3-BF4B-00C04F79EFBC}") = "Weekly Challenge and Utilities", "Weekly Challenge and Utilities.csproj", "{0D0F4C4D-7B47-02A3-FCE7-42948A1C788F}"
EndProject
Global
	GlobalSection(SolutionConfigurationPlatforms) = preSolution
		Debug|Any CPU = Debug|Any CPU
		Release|Any CPU = Release|Any CPU
	EndGlobalSection
	GlobalSection(ProjectConfigurationPlatforms) = postSolution
		{0D0F4C4D-7B47-02A3-FCE7-42948A1C788F}.Debug|Any CPU.ActiveCfg = Debug|Any CPU
		{0D0F4C4D-7B47-02A3-FCE7-42948A1C788F}.Debug|Any CPU.Build.0 = Debug|Any CPU
		{0D0F4C4D-7B47-02A3-FCE7-42948A1C788F}.Release|Any CPU.ActiveCfg = Release|Any CPU
		{0D0F4C4D-7B47-02A3-FCE7-42948A1C788F}.Release|Any CPU.Build.0 = Release|Any CPU
	EndGlobalSection
	GlobalSection(SolutionProperties) = preSolution
		HideSolutionNode = FALSE
	EndGlobalSection
EndGlobal
